
Microsoft Visual Studio Solution File, Format Version 12.00
# Visual Studio 15
VisualStudioVersion = 15.0.28307.168
MinimumVisualStudioVersion = 10.0.40219.1
Project("{FAE04EC0-301F-11D3-BF4B-00C04F79EFBC}") = "c0731712", "c0731712\c0731712.csproj", "{D156337B-9DE5-457C-82BA-EB293E2581E3}"
EndProject
Global
	GlobalSection(SolutionConfigurationPlatforms) = preSolution
		Debug|Any CPU = Debug|Any CPU
		Release|Any CPU = Release|Any CPU
	EndGlobalSection
	GlobalSection(ProjectConfigurationPlatforms) = postSolution
		{D156337B-9DE5-457C-82BA-EB293E2581E3}.Debug|Any CPU.ActiveCfg = Debug|Any CPU
		{D156337B-9DE5-457C-82BA-EB293E2581E3}.Debug|Any CPU.Build.0 = Debug|Any CPU
		{D156337B-9DE5-457C-82BA-EB293E2581E3}.Release|Any CPU.ActiveCfg = Release|Any CPU
		{D156337B-9DE5-457C-82BA-EB293E2581E3}.Release|Any CPU.Build.0 = Release|Any CPU
	EndGlobalSection
	GlobalSection(SolutionProperties) = preSolution
		HideSolutionNode = FALSE
	EndGlobalSection
	GlobalSection(ExtensibilityGlobals) = postSolution
		SolutionGuid = {E7F1650E-F981-4163-A60D-7A83806308C1}
	EndGlobalSection
EndGlobal
